// !$*UTF8*$!
{
	archiveVersion = 1;
	classes = {
	};
	objectVersion = 77;
	objects = {

/* Begin PBXContainerItemProxy section */
		616A942C2FA5800F00AB258A /* PBXContainerItemProxy */ = {
			isa = PBXContainerItemProxy;
			containerPortal = 616A94162FA5800E00AB258A /* Project object */;
			proxyType = 1;
			remoteGlobalIDString = 616A941D2FA5800E00AB258A;
			remoteInfo = stereondi;
		};
		616A94362FA5800F00AB258A /* PBXContainerItemProxy */ = {
			isa = PBXContainerItemProxy;
			containerPortal = 616A94162FA5800E00AB258A /* Project object */;
			proxyType = 1;
			remoteGlobalIDString = 616A941D2FA5800E00AB258A;
			remoteInfo = stereondi;
		};
/* End PBXContainerItemProxy section */

/* Begin PBXFileReference section */
		616A941E2FA5800E00AB258A /* stereondi.app */ = {isa = PBXFileReference; explicitFileType = wrapper.application; includeInIndex = 0; path = stereondi.app; sourceTree = BUILT_PRODUCTS_DIR; };
		616A942B2FA5800F00AB258A /* stereondiTests.xctest */ = {isa = PBXFileReference; explicitFileType = wrapper.cfbundle; includeInIndex = 0; path = stereondiTests.xctest; sourceTree = BUILT_PRODUCTS_DIR; };
		616A94352FA5800F00AB258A /* stereondiUITests.xctest */ = {isa = PBXFileReference; explicitFileType = wrapper.cfbundle; includeInIndex = 0; path = stereondiUITests.xctest; sourceTree = BUILT_PRODUCTS_DIR; };
/* End PBXFileReference section */

/* Begin PBXFileSystemSynchronizedRootGroup section */
		616A94202FA5800E00AB258A /* stereondi */ = {
			isa = PBXFileSystemSynchronizedRootGroup;
			path = stereondi;
			sourceTree = "<group>";
		};
		616A942E2FA5800F00AB258A /* stereondiTests */ = {
			isa = PBXFileSystemSynchronizedRootGroup;
			path = stereondiTests;
			sourceTree = "<group>";
		};
		616A94382FA5800F00AB258A /* stereondiUITests */ = {
			isa = PBXFileSystemSynchronizedRootGroup;
			path = stereondiUITests;
			sourceTree = "<group>";
		};
/* End PBXFileSystemSynchronizedRootGroup section */

/* Begin PBXFrameworksBuildPhase section */
		616A941B2FA5800E00AB258A /* Frameworks */ = {
			isa = PBXFrameworksBuildPhase;
			buildActionMask = 2147483647;
			files = (
			);
			runOnlyForDeploymentPostprocessing = 0;
		};
		616A94282FA5800F00AB258A /* Frameworks */ = {
			isa = PBXFrameworksBuildPhase;
			buildActionMask = 2147483647;
			files = (
			);
			runOnlyForDeploymentPostprocessing = 0;
		};
		616A94322FA5800F00AB258A /* Frameworks */ = {
			isa = PBXFrameworksBuildPhase;
			buildActionMask = 2147483647;
			files = (
			);
			runOnlyForDeploymentPostprocessing = 0;
		};
/* End PBXFrameworksBuildPhase section */

/* Begin PBXGroup section */
		616A94152FA5800E00AB258A = {
			isa = PBXGroup;
			children = (
				616A94202FA5800E00AB258A /* stereondi */,
				616A942E2FA5800F00AB258A /* stereondiTests */,
				616A94382FA5800F00AB258A /* stereondiUITests */,
				616A941F2FA5800E00AB258A /* Products */,
			);
			sourceTree = "<group>";
		};
		616A941F2FA5800E00AB258A /* Products */ = {
			isa = PBXGroup;
			children = (
				616A941E2FA5800E00AB258A /* stereondi.app */,
				616A942B2FA5800F00AB258A /* stereondiTests.xctest */,
				616A94352FA5800F00AB258A /* stereondiUITests.xctest */,
			);
			name = Products;
			sourceTree = "<group>";
		};
/* End PBXGroup section */

/* Begin PBXNativeTarget section */
		616A941D2FA5800E00AB258A /* stereondi */ = {
			isa = PBXNativeTarget;
			buildConfigurationList = 616A943F2FA5800F00AB258A /* Build configuration list for PBXNativeTarget "stereondi" */;
			buildPhases = (
				616A941A2FA5800E00AB258A /* Sources */,
				616A941B2FA5800E00AB258A /* Frameworks */,
				616A941C2FA5800E00AB258A /* Resources */,
			);
			buildRules = (
			);
			dependencies = (
			);
			fileSystemSynchronizedGroups = (
				616A94202FA5800E00AB258A /* stereondi */,
			);
			name = stereondi;
			packageProductDependencies = (
			);
			productName = stereondi;
			productReference = 616A941E2FA5800E00AB258A /* stereondi.app */;
			productType = "com.apple.product-type.application";
		};
		616A942A2FA5800F00AB258A /* stereondiTests */ = {
			isa = PBXNativeTarget;
			buildConfigurationList = 616A94422FA5800F00AB258A /* Build configuration list for PBXNativeTarget "stereondiTests" */;
			buildPhases = (
				616A94272FA5800F00AB258A /* Sources */,
				616A94282FA5800F00AB258A /* Frameworks */,
				616A94292FA5800F00AB258A /* Resources */,
			);
			buildRules = (
			);
			dependencies = (
				616A942D2FA5800F00AB258A /* PBXTargetDependency */,
			);
			fileSystemSynchronizedGroups = (
				616A942E2FA5800F00AB258A /* stereondiTests */,
			);
			name = stereondiTests;
			packageProductDependencies = (
			);
			productName = stereondiTests;
			productReference = 616A942B2FA5800F00AB258A /* stereondiTests.xctest */;
			productType = "com.apple.product-type.bundle.unit-test";
		};
		616A94342FA5800F00AB258A /* stereondiUITests */ = {
			isa = PBXNativeTarget;
			buildConfigurationList = 616A94452FA5800F00AB258A /* Build configuration list for PBXNativeTarget "stereondiUITests" */;
			buildPhases = (
				616A94312FA5800F00AB258A /* Sources */,
				616A94322FA5800F00AB258A /* Frameworks */,
				616A94332FA5800F00AB258A /* Resources */,
			);
			buildRules = (
			);
			dependencies = (
				616A94372FA5800F00AB258A /* PBXTargetDependency */,
			);
			fileSystemSynchronizedGroups = (
				616A94382FA5800F00AB258A /* stereondiUITests */,
			);
			name = stereondiUITests;
			packageProductDependencies = (
			);
			productName = stereondiUITests;
			productReference = 616A94352FA5800F00AB258A /* stereondiUITests.xctest */;
			productType = "com.apple.product-type.bundle.ui-testing";
		};
/* End PBXNativeTarget section */

/* Begin PBXProject section */
		616A94162FA5800E00AB258A /* Project object */ = {
			isa = PBXProject;
			attributes = {
				BuildIndependentTargetsInParallel = 1;
				LastSwiftUpdateCheck = 2640;
				LastUpgradeCheck = 2640;
				TargetAttributes = {
					616A941D2FA5800E00AB258A = {
						CreatedOnToolsVersion = 26.4.1;
					};
					616A942A2FA5800F00AB258A = {
						CreatedOnToolsVersion = 26.4.1;
						TestTargetID = 616A941D2FA5800E00AB258A;
					};
					616A94342FA5800F00AB258A = {
						CreatedOnToolsVersion = 26.4.1;
						TestTargetID = 616A941D2FA5800E00AB258A;
					};
				};
			};
			buildConfigurationList = 616A94192FA5800E00AB258A /* Build configuration list for PBXProject "stereondi" */;
			developmentRegion = en;
			hasScannedForEncodings = 0;
			knownRegions = (
				en,
				Base,
			);
			mainGroup = 616A94152FA5800E00AB258A;
			minimizedProjectReferenceProxies = 1;
			preferredProjectObjectVersion = 77;
			productRefGroup = 616A941F2FA5800E00AB258A /* Products */;
			projectDirPath = "";
			projectRoot = "";
			targets = (
				616A941D2FA5800E00AB258A /* stereondi */,
				616A942A2FA5800F00AB258A /* stereondiTests */,
				616A94342FA5800F00AB258A /* stereondiUITests */,
			);
		};
/* End PBXProject section */

/* Begin PBXResourcesBuildPhase section */
		616A941C2FA5800E00AB258A /* Resources */ = {
			isa = PBXResourcesBuildPhase;
			buildActionMask = 2147483647;
			files = (
			);
			runOnlyForDeploymentPostprocessing = 0;
		};
		616A94292FA5800F00AB258A /* Resources */ = {
			isa = PBXResourcesBuildPhase;
			buildActionMask = 2147483647;
			files = (
			);
			runOnlyForDeploymentPostprocessing = 0;
		};
		616A94332FA5800F00AB258A /* Resources */ = {
			isa = PBXResourcesBuildPhase;
			buildActionMask = 2147483647;
			files = (
			);
			runOnlyForDeploymentPostprocessing = 0;
		};
/* End PBXResourcesBuildPhase section */

/* Begin PBXSourcesBuildPhase section */
		616A941A2FA5800E00AB258A /* Sources */ = {
			isa = PBXSourcesBuildPhase;
			buildActionMask = 2147483647;
			files = (
			);
			runOnlyForDeploymentPostprocessing = 0;
		};
		616A94272FA5800F00AB258A /* Sources */ = {
			isa = PBXSourcesBuildPhase;
			buildActionMask = 2147483647;
			files = (
			);
			runOnlyForDeploymentPostprocessing = 0;
		};
		616A94312FA5800F00AB258A /* Sources */ = {
			isa = PBXSourcesBuildPhase;
			buildActionMask = 2147483647;
			files = (
			);
			runOnlyForDeploymentPostprocessing = 0;
		};
/* End PBXSourcesBuildPhase section */

/* Begin PBXTargetDependency section */
		616A942D2FA5800F00AB258A /* PBXTargetDependency */ = {
			isa = PBXTargetDependency;
			target = 616A941D2FA5800E00AB258A /* stereondi */;
			targetProxy = 616A942C2FA5800F00AB258A /* PBXContainerItemProxy */;
		};
		616A94372FA5800F00AB258A /* PBXTargetDependency */ = {
			isa = PBXTargetDependency;
			target = 616A941D2FA5800E00AB258A /* stereondi */;
			targetProxy = 616A94362FA5800F00AB258A /* PBXContainerItemProxy */;
		};
/* End PBXTargetDependency section */

/* Begin XCBuildConfiguration section */
		616A943D2FA5800F00AB258A /* Debug */ = {
			isa = XCBuildConfiguration;
			buildSettings = {
				ALWAYS_SEARCH_USER_PATHS = NO;
				ASSETCATALOG_COMPILER_GENERATE_SWIFT_ASSET_SYMBOL_EXTENSIONS = YES;
				CLANG_ANALYZER_NONNULL = YES;
				CLANG_ANALYZER_NUMBER_OBJECT_CONVERSION = YES_AGGRESSIVE;
				CLANG_CXX_LANGUAGE_STANDARD = "gnu++20";
				CLANG_ENABLE_MODULES = YES;
				CLANG_ENABLE_OBJC_ARC = YES;
				CLANG_ENABLE_OBJC_WEAK = YES;
				CLANG_WARN_BLOCK_CAPTURE_AUTORELEASING = YES;
				CLANG_WARN_BOOL_CONVERSION = YES;
				CLANG_WARN_COMMA = YES;
				CLANG_WARN_CONSTANT_CONVERSION = YES;
				CLANG_WARN_DEPRECATED_OBJC_IMPLEMENTATIONS = YES;
				CLANG_WARN_DIRECT_OBJC_ISA_USAGE = YES_ERROR;
				CLANG_WARN_DOCUMENTATION_COMMENTS = YES;
				CLANG_WARN_EMPTY_BODY = YES;
				CLANG_WARN_ENUM_CONVERSION = YES;
				CLANG_WARN_INFINITE_RECURSION = YES;
				CLANG_WARN_INT_CONVERSION = YES;
				CLANG_WARN_NON_LITERAL_NULL_CONVERSION = YES;
				CLANG_WARN_OBJC_IMPLICIT_RETAIN_SELF = YES;
				CLANG_WARN_OBJC_LITERAL_CONVERSION = YES;
				CLANG_WARN_OBJC_ROOT_CLASS = YES_ERROR;
				CLANG_WARN_QUOTED_INCLUDE_IN_FRAMEWORK_HEADER = YES;
				CLANG_WARN_RANGE_LOOP_ANALYSIS = YES;
				CLANG_WARN_STRICT_PROTOTYPES = YES;
				CLANG_WARN_SUSPICIOUS_MOVE = YES;
				CLANG_WARN_UNGUARDED_AVAILABILITY = YES_AGGRESSIVE;
				CLANG_WARN_UNREACHABLE_CODE = YES;
				CLANG_WARN__DUPLICATE_METHOD_MATCH = YES;
				COPY_PHASE_STRIP = NO;
				DEBUG_INFORMATION_FORMAT = dwarf;
				DEVELOPMENT_TEAM = 647FZYVR5Q;
				ENABLE_STRICT_OBJC_MSGSEND = YES;
				ENABLE_TESTABILITY = YES;
				ENABLE_USER_SCRIPT_SANDBOXING = YES;
				GCC_C_LANGUAGE_STANDARD = gnu17;
				GCC_DYNAMIC_NO_PIC = NO;
				GCC_NO_COMMON_BLOCKS = YES;
				GCC_OPTIMIZATION_LEVEL = 0;
				GCC_PREPROCESSOR_DEFINITIONS = (
					"DEBUG=1",
					"$(inherited)",
				);
				GCC_WARN_64_TO_32_BIT_CONVERSION = YES;
				GCC_WARN_ABOUT_RETURN_TYPE = YES_ERROR;
				GCC_WARN_UNDECLARED_SELECTOR = YES;
				GCC_WARN_UNINITIALIZED_AUTOS = YES_AGGRESSIVE;
				GCC_WARN_UNUSED_FUNCTION = YES;
				GCC_WARN_UNUSED_VARIABLE = YES;
				IPHONEOS_DEPLOYMENT_TARGET = 17.0;
				LOCALIZATION_PREFERS_STRING_CATALOGS = YES;
				MTL_ENABLE_DEBUG_INFO = INCLUDE_SOURCE;
				MTL_FAST_MATH = YES;
				ONLY_ACTIVE_ARCH = YES;
				SDKROOT = iphoneos;
				SWIFT_ACTIVE_COMPILATION_CONDITIONS = "DEBUG $(inherited)";
				SWIFT_OPTIMIZATION_LEVEL = "-Onone";
			};
			name = Debug;
		};
		616A943E2FA5800F00AB258A /* Release */ = {
			isa = XCBuildConfiguration;
			buildSettings = {
				ALWAYS_SEARCH_USER_PATHS = NO;
				ASSETCATALOG_COMPILER_GENERATE_SWIFT_ASSET_SYMBOL_EXTENSIONS = YES;
				CLANG_ANALYZER_NONNULL = YES;
				CLANG_ANALYZER_NUMBER_OBJECT_CONVERSION = YES_AGGRESSIVE;
				CLANG_CXX_LANGUAGE_STANDARD = "gnu++20";
				CLANG_ENABLE_MODULES = YES;
				CLANG_ENABLE_OBJC_ARC = YES;
				CLANG_ENABLE_OBJC_WEAK = YES;
				CLANG_WARN_BLOCK_CAPTURE_AUTORELEASING = YES;
				CLANG_WARN_BOOL_CONVERSION = YES;
				CLANG_WARN_COMMA = YES;
				CLANG_WARN_CONSTANT_CONVERSION = YES;
				CLANG_WARN_DEPRECATED_OBJC_IMPLEMENTATIONS = YES;
				CLANG_WARN_DIRECT_OBJC_ISA_USAGE = YES_ERROR;
				CLANG_WARN_DOCUMENTATION_COMMENTS = YES;
				CLANG_WARN_EMPTY_BODY = YES;
				CLANG_WARN_ENUM_CONVERSION = YES;
				CLANG_WARN_INFINITE_RECURSION = YES;
				CLANG_WARN_INT_CONVERSION = YES;
				CLANG_WARN_NON_LITERAL_NULL_CONVERSION = YES;
				CLANG_WARN_OBJC_IMPLICIT_RETAIN_SELF = YES;
				CLANG_WARN_OBJC_LITERAL_CONVERSION = YES;
				CLANG_WARN_OBJC_ROOT_CLASS = YES_ERROR;
				CLANG_WARN_QUOTED_INCLUDE_IN_FRAMEWORK_HEADER = YES;
				CLANG_WARN_RANGE_LOOP_ANALYSIS = YES;
				CLANG_WARN_STRICT_PROTOTYPES = YES;
				CLANG_WARN_SUSPICIOUS_MOVE = YES;
				CLANG_WARN_UNGUARDED_AVAILABILITY = YES_AGGRESSIVE;
				CLANG_WARN_UNREACHABLE_CODE = YES;
				CLANG_WARN__DUPLICATE_METHOD_MATCH = YES;
				COPY_PHASE_STRIP = NO;
				DEBUG_INFORMATION_FORMAT = "dwarf-with-dsym";
				DEVELOPMENT_TEAM = 647FZYVR5Q;
				ENABLE_NS_ASSERTIONS = NO;
				ENABLE_STRICT_OBJC_MSGSEND = YES;
				ENABLE_USER_SCRIPT_SANDBOXING = YES;
				GCC_C_LANGUAGE_STANDARD = gnu17;
				GCC_NO_COMMON_BLOCKS = YES;
				GCC_WARN_64_TO_32_BIT_CONVERSION = YES;
				GCC_WARN_ABOUT_RETURN_TYPE = YES_ERROR;
				GCC_WARN_UNDECLARED_SELECTOR = YES;
				GCC_WARN_UNINITIALIZED_AUTOS = YES_AGGRESSIVE;
				GCC_WARN_UNUSED_FUNCTION = YES;
				GCC_WARN_UNUSED_VARIABLE = YES;
				IPHONEOS_DEPLOYMENT_TARGET = 17.0;
				LOCALIZATION_PREFERS_STRING_CATALOGS = YES;
				MTL_ENABLE_DEBUG_INFO = NO;
				MTL_FAST_MATH = YES;
				SDKROOT = iphoneos;
				SWIFT_COMPILATION_MODE = wholemodule;
				VALIDATE_PRODUCT = YES;
			};
			name = Release;
		};
		616A94402FA5800F00AB258A /* Debug */ = {
			isa = XCBuildConfiguration;
			buildSettings = {
				ASSETCATALOG_COMPILER_APPICON_NAME = AppIcon;
				ASSETCATALOG_COMPILER_GLOBAL_ACCENT_COLOR_NAME = AccentColor;
				CODE_SIGN_STYLE = Automatic;
				CURRENT_PROJECT_VERSION = 1;
				DEVELOPMENT_TEAM = 647FZYVR5Q;
				ENABLE_PREVIEWS = YES;
				GCC_PREPROCESSOR_DEFINITIONS = (
					"$(inherited)",
					"PROCESSINGNDILIB_STATIC=1",
				);
				GENERATE_INFOPLIST_FILE = YES;
				HEADER_SEARCH_PATHS = "$(SRCROOT)/../Vendor/include";
				INFOPLIST_KEY_NSBonjourServices = "_ndi._tcp";
				INFOPLIST_KEY_NSLocalNetworkUsageDescription = "Stereo Preview discovers and receives NDI video sources on your local network. This permission is required to find cameras and other NDI senders.";
				INFOPLIST_KEY_UIApplicationSceneManifest_Generation = YES;
				INFOPLIST_KEY_UIApplicationSupportsIndirectInputEvents = YES;
				INFOPLIST_KEY_UILaunchScreen_Generation = YES;
				INFOPLIST_KEY_UIRequiresFullScreen = YES;
				INFOPLIST_KEY_UISupportedInterfaceOrientations_iPad = "UIInterfaceOrientationLandscapeLeft UIInterfaceOrientationLandscapeRight";
				INFOPLIST_KEY_UIUserInterfaceStyle = Dark;
				IPHONEOS_DEPLOYMENT_TARGET = 17.0;
				LD_RUNPATH_SEARCH_PATHS = (
					"$(inherited)",
					"@executable_path/Frameworks",
				);
				LIBRARY_SEARCH_PATHS = "$(SRCROOT)/../Vendor";
				MARKETING_VERSION = 1.0;
				OTHER_LDFLAGS = (
					"-lndi_ios",
					"-lc++",
				);
				PRODUCT_BUNDLE_IDENTIFIER = com.lsvr.stereondi;
				PRODUCT_NAME = "$(TARGET_NAME)";
				STRING_CATALOG_GENERATE_SYMBOLS = YES;
				SWIFT_APPROACHABLE_CONCURRENCY = YES;
				SWIFT_DEFAULT_ACTOR_ISOLATION = MainActor;
				SWIFT_EMIT_LOC_STRINGS = YES;
				SWIFT_OBJC_BRIDGING_HEADER = "stereondi/stereondi-Bridging-Header.h";
				SWIFT_UPCOMING_FEATURE_MEMBER_IMPORT_VISIBILITY = YES;
				SWIFT_VERSION = 5.0;
				TARGETED_DEVICE_FAMILY = 2;
			};
			name = Debug;
		};
		616A94412FA5800F00AB258A /* Release */ = {
			isa = XCBuildConfiguration;
			buildSettings = {
				ASSETCATALOG_COMPILER_APPICON_NAME = AppIcon;
				ASSETCATALOG_COMPILER_GLOBAL_ACCENT_COLOR_NAME = AccentColor;
				CODE_SIGN_STYLE = Automatic;
				CURRENT_PROJECT_VERSION = 1;
				DEVELOPMENT_TEAM = 647FZYVR5Q;
				ENABLE_PREVIEWS = YES;
				GCC_PREPROCESSOR_DEFINITIONS = (
					"$(inherited)",
					"PROCESSINGNDILIB_STATIC=1",
				);
				GENERATE_INFOPLIST_FILE = YES;
				HEADER_SEARCH_PATHS = "$(SRCROOT)/../Vendor/include";
				INFOPLIST_KEY_NSBonjourServices = "_ndi._tcp";
				INFOPLIST_KEY_NSLocalNetworkUsageDescription = "Stereo Preview discovers and receives NDI video sources on your local network. This permission is required to find cameras and other NDI senders.";
				INFOPLIST_KEY_UIApplicationSceneManifest_Generation = YES;
				INFOPLIST_KEY_UIApplicationSupportsIndirectInputEvents = YES;
				INFOPLIST_KEY_UILaunchScreen_Generation = YES;
				INFOPLIST_KEY_UIRequiresFullScreen = YES;
				INFOPLIST_KEY_UISupportedInterfaceOrientations_iPad = "UIInterfaceOrientationLandscapeLeft UIInterfaceOrientationLandscapeRight";
				INFOPLIST_KEY_UIUserInterfaceStyle = Dark;
				IPHONEOS_DEPLOYMENT_TARGET = 17.0;
				LD_RUNPATH_SEARCH_PATHS = (
					"$(inherited)",
					"@executable_path/Frameworks",
				);
				LIBRARY_SEARCH_PATHS = "$(SRCROOT)/../Vendor";
				MARKETING_VERSION = 1.0;
				OTHER_LDFLAGS = (
					"-lndi_ios",
					"-lc++",
				);
				PRODUCT_BUNDLE_IDENTIFIER = com.lsvr.stereondi;
				PRODUCT_NAME = "$(TARGET_NAME)";
				STRING_CATALOG_GENERATE_SYMBOLS = YES;
				SWIFT_APPROACHABLE_CONCURRENCY = YES;
				SWIFT_DEFAULT_ACTOR_ISOLATION = MainActor;
				SWIFT_EMIT_LOC_STRINGS = YES;
				SWIFT_OBJC_BRIDGING_HEADER = "stereondi/stereondi-Bridging-Header.h";
				SWIFT_UPCOMING_FEATURE_MEMBER_IMPORT_VISIBILITY = YES;
				SWIFT_VERSION = 5.0;
				TARGETED_DEVICE_FAMILY = 2;
			};
			name = Release;
		};
		616A94432FA5800F00AB258A /* Debug */ = {
			isa = XCBuildConfiguration;
			buildSettings = {
				BUNDLE_LOADER = "$(TEST_HOST)";
				CODE_SIGN_STYLE = Automatic;
				CURRENT_PROJECT_VERSION = 1;
				DEVELOPMENT_TEAM = 647FZYVR5Q;
				GENERATE_INFOPLIST_FILE = YES;
				IPHONEOS_DEPLOYMENT_TARGET = 17.0;
				MARKETING_VERSION = 1.0;
				PRODUCT_BUNDLE_IDENTIFIER = com.lsvr.stereondiTests;
				PRODUCT_NAME = "$(TARGET_NAME)";
				STRING_CATALOG_GENERATE_SYMBOLS = NO;
				SWIFT_APPROACHABLE_CONCURRENCY = YES;
				SWIFT_EMIT_LOC_STRINGS = NO;
				SWIFT_UPCOMING_FEATURE_MEMBER_IMPORT_VISIBILITY = YES;
				SWIFT_VERSION = 5.0;
				TARGETED_DEVICE_FAMILY = "1,2";
				TEST_HOST = "$(BUILT_PRODUCTS_DIR)/stereondi.app/$(BUNDLE_EXECUTABLE_FOLDER_PATH)/stereondi";
			};
			name = Debug;
		};
		616A94442FA5800F00AB258A /* Release */ = {
			isa = XCBuildConfiguration;
			buildSettings = {
				BUNDLE_LOADER = "$(TEST_HOST)";
				CODE_SIGN_STYLE = Automatic;
				CURRENT_PROJECT_VERSION = 1;
				DEVELOPMENT_TEAM = 647FZYVR5Q;
				GENERATE_INFOPLIST_FILE = YES;
				IPHONEOS_DEPLOYMENT_TARGET = 17.0;
				MARKETING_VERSION = 1.0;
				PRODUCT_BUNDLE_IDENTIFIER = com.lsvr.stereondiTests;
				PRODUCT_NAME = "$(TARGET_NAME)";
				STRING_CATALOG_GENERATE_SYMBOLS = NO;
				SWIFT_APPROACHABLE_CONCURRENCY = YES;
				SWIFT_EMIT_LOC_STRINGS = NO;
				SWIFT_UPCOMING_FEATURE_MEMBER_IMPORT_VISIBILITY = YES;
				SWIFT_VERSION = 5.0;
				TARGETED_DEVICE_FAMILY = "1,2";
				TEST_HOST = "$(BUILT_PRODUCTS_DIR)/stereondi.app/$(BUNDLE_EXECUTABLE_FOLDER_PATH)/stereondi";
			};
			name = Release;
		};
		616A94462FA5800F00AB258A /* Debug */ = {
			isa = XCBuildConfiguration;
			buildSettings = {
				CODE_SIGN_STYLE = Automatic;
				CURRENT_PROJECT_VERSION = 1;
				DEVELOPMENT_TEAM = 647FZYVR5Q;
				GENERATE_INFOPLIST_FILE = YES;
				MARKETING_VERSION = 1.0;
				PRODUCT_BUNDLE_IDENTIFIER = com.lsvr.stereondiUITests;
				PRODUCT_NAME = "$(TARGET_NAME)";
				STRING_CATALOG_GENERATE_SYMBOLS = NO;
				SWIFT_APPROACHABLE_CONCURRENCY = YES;
				SWIFT_EMIT_LOC_STRINGS = NO;
				SWIFT_UPCOMING_FEATURE_MEMBER_IMPORT_VISIBILITY = YES;
				SWIFT_VERSION = 5.0;
				TARGETED_DEVICE_FAMILY = "1,2";
				TEST_TARGET_NAME = stereondi;
			};
			name = Debug;
		};
		616A94472FA5800F00AB258A /* Release */ = {
			isa = XCBuildConfiguration;
			buildSettings = {
				CODE_SIGN_STYLE = Automatic;
				CURRENT_PROJECT_VERSION = 1;
				DEVELOPMENT_TEAM = 647FZYVR5Q;
				GENERATE_INFOPLIST_FILE = YES;
				MARKETING_VERSION = 1.0;
				PRODUCT_BUNDLE_IDENTIFIER = com.lsvr.stereondiUITests;
				PRODUCT_NAME = "$(TARGET_NAME)";
				STRING_CATALOG_GENERATE_SYMBOLS = NO;
				SWIFT_APPROACHABLE_CONCURRENCY = YES;
				SWIFT_EMIT_LOC_STRINGS = NO;
				SWIFT_UPCOMING_FEATURE_MEMBER_IMPORT_VISIBILITY = YES;
				SWIFT_VERSION = 5.0;
				TARGETED_DEVICE_FAMILY = "1,2";
				TEST_TARGET_NAME = stereondi;
			};
			name = Release;
		};
/* End XCBuildConfiguration section */

/* Begin XCConfigurationList section */
		616A94192FA5800E00AB258A /* Build configuration list for PBXProject "stereondi" */ = {
			isa = XCConfigurationList;
			buildConfigurations = (
				616A943D2FA5800F00AB258A /* Debug */,
				616A943E2FA5800F00AB258A /* Release */,
			);
			defaultConfigurationIsVisible = 0;
			defaultConfigurationName = Release;
		};
		616A943F2FA5800F00AB258A /* Build configuration list for PBXNativeTarget "stereondi" */ = {
			isa = XCConfigurationList;
			buildConfigurations = (
				616A94402FA5800F00AB258A /* Debug */,
				616A94412FA5800F00AB258A /* Release */,
			);
			defaultConfigurationIsVisible = 0;
			defaultConfigurationName = Release;
		};
		616A94422FA5800F00AB258A /* Build configuration list for PBXNativeTarget "stereondiTests" */ = {
			isa = XCConfigurationList;
			buildConfigurations = (
				616A94432FA5800F00AB258A /* Debug */,
				616A94442FA5800F00AB258A /* Release */,
			);
			defaultConfigurationIsVisible = 0;
			defaultConfigurationName = Release;
		};
		616A94452FA5800F00AB258A /* Build configuration list for PBXNativeTarget "stereondiUITests" */ = {
			isa = XCConfigurationList;
			buildConfigurations = (
				616A94462FA5800F00AB258A /* Debug */,
				616A94472FA5800F00AB258A /* Release */,
			);
			defaultConfigurationIsVisible = 0;
			defaultConfigurationName = Release;
		};
/* End XCConfigurationList section */
	};
	rootObject = 616A94162FA5800E00AB258A /* Project object */;
}
